# THIS IS AN AUTOGENERATED FILE. DO NOT EDIT THIS FILE DIRECTLY.
# yarn lockfile v1


"@codegenie/serverless-express@^3.4.1":
  version "3.4.1"
  resolved "https://registry.yarnpkg.com/@codegenie/serverless-express/-/serverless-express-3.4.1.tgz#4ba2040e4b59ec355079e5792fd4d7e3889a98c2"
  integrity sha512-PQ3v/wDflxx168B4TwuxbbKjfmvLkyRBdvHRFS8s48hDS0Wnukm+5Dp+HiLvqwXOU7PP2+FyrK47WX4WL15Rrw==
  dependencies:
    binary-case "^1.0.0"
    type-is "^1.6.16"

"@types/aws-lambda@*":
  version "8.10.163"
  resolved "https://registry.yarnpkg.com/@types/aws-lambda/-/aws-lambda-8.10.163.tgz#4639d5b950a56c37afe62f5525921f69017dcd82"
  integrity sha512-+4zuoEB3S8RIhimtOFT7zAEk2SbpwrKjjGl9CyYnQR6k08uynxfauIIB0pDU1ssr05F8oyGiETwpn+8eXZMqPw==

"@types/aws-serverless-express@^3.3.10":
  version "3.3.10"
  resolved "https://registry.yarnpkg.com/@types/aws-serverless-express/-/aws-serverless-express-3.3.10.tgz#45bb376e01b0fa84471f8111d49bd532d55e5079"
  integrity sha512-a/NGZQ9MDKX0PIXHgCa0L0fHbYTjvMJ9vKGr22PvkU1EBXSfnVNnNJgDmTLmMzrURqeHCS7uIIYZTawB1pPSrQ==
  dependencies:
    "@types/aws-lambda" "*"
    "@types/express" "*"
    "@types/node" "*"

"@types/body-parser@*":
  version "1.19.6"
  resolved "https://registry.yarnpkg.com/@types/body-parser/-/body-parser-1.19.6.tgz#1859bebb8fd7dac9918a45d54c1971ab8b5af474"
  integrity sha512-HLFeCYgz89uk22N5Qg3dvGvsv46B8GLvKKo1zKG4NybA8U2DiEO3w9lqGg29t/tfLRJpJ6iQxnVw4OnB7MoM9g==
  dependencies:
    "@types/connect" "*"
    "@types/node" "*"

"@types/connect@*":
  version "3.4.38"
  resolved "https://registry.yarnpkg.com/@types/connect/-/connect-3.4.38.tgz#5ba7f3bc4fbbdeaff8dded952e5ff2cc53f8d858"
  integrity sha512-K6uROf1LD88uDQqJCktA4yzL1YYAK6NgfsI0v/mTgyPKWsX1CnJ0XPSDhViejru1GcRkLWb8RlzFYJRqGUbaug==
  dependencies:
    "@types/node" "*"

"@types/express-serve-static-core@^5.0.0":
  version "5.1.3"
  resolved "https://registry.yarnpkg.com/@types/express-serve-static-core/-/express-serve-static-core-5.1.3.tgz#9d34c88c0c9ee62b9a6e4d9f8ab8d7e29688e6b4"
  integrity sha512-dPfW8NFiOF4wOHc7+N/QSxlY9cfSsenewGbAz8C8U/MULPd/YZ27LvJUIlzaXie7e6Ove9YunJGgC9tbHD2cKw==
  dependencies:
    "@types/node" "*"
    "@types/qs" "*"
    "@types/range-parser" "*"
    "@types/send" "*"

"@types/express@*":
  version "5.0.6"
  resolved "https://registry.yarnpkg.com/@types/express/-/express-5.0.6.tgz#2d724b2c990dcb8c8444063f3580a903f6d500cc"
  integrity sha512-sKYVuV7Sv9fbPIt/442koC7+IIwK5olP1KWeD88e/idgoJqDm3JV/YUiPwkoKK92ylff2MGxSz1CSjsXelx0YA==
  dependencies:
    "@types/body-parser" "*"
    "@types/express-serve-static-core" "^5.0.0"
    "@types/serve-static" "^2"

"@types/http-errors@*":
  version "2.0.5"
  resolved "https://registry.yarnpkg.com/@types/http-errors/-/http-errors-2.0.5.tgz#5b749ab2b16ba113423feb1a64a95dcd30398472"
  integrity sha512-r8Tayk8HJnX0FztbZN7oVqGccWgw98T/0neJphO91KkmOzug1KkofZURD4UaD5uH8AqcFLfdPErnBod0u71/qg==

"@types/node@*":
  version "26.5.0"
  resolved "https://registry.yarnpkg.com/@types/node/-/node-26.5.0.tgz#e6547ac7d7229d92d6e7157a6e19332cd16dc8ef"
  integrity sha512-dVSGpriSoCgz8WnDNTuSSuSv1PC/ALXihO4ulRZt7Md8k9mlbdin3lGOcDE8SnWOgf513ByWlXd7BK4azmyg/A==
  dependencies:
    undici-types "~8.9.0"

"@types/qs@*":
  version "6.15.1"
  resolved "https://registry.yarnpkg.com/@types/qs/-/qs-6.15.1.tgz#8606884272c63f0db96986bd3548650d8a9388bf"
  integrity sha512-GZHUBZR9hckSUhrxmp1nG6NwdpM9fCunJwyThLW1X3AyHgd9IlHb6VANpQQqDr2o/qQp6McZ3y/IA2rVzKzSbw==

"@types/range-parser@*":
  version "1.2.7"
  resolved "https://registry.yarnpkg.com/@types/range-parser/-/range-parser-1.2.7.tgz#50ae4353eaaddc04044279812f52c8c65857dbcb"
  integrity sha512-hKormJbkJqzQGhziax5PItDUTMAM9uE2XXQmM37dyd4hVM+5aVl7oVxMVUiVQn2oCQFN/LKCZdvSM0pFRqbSmQ==

"@types/send@*":
  version "1.2.1"
  resolved "https://registry.yarnpkg.com/@types/send/-/send-1.2.1.tgz#6a784e45543c18c774c049bff6d3dbaf045c9c74"
  integrity sha512-arsCikDvlU99zl1g69TcAB3mzZPpxgw0UQnaHeC1Nwb015xp8bknZv5rIfri9xTOcMuaVgvabfIRA7PSZVuZIQ==
  dependencies:
    "@types/node" "*"

"@types/serve-static@^2":
  version "2.2.0"
  resolved "https://registry.yarnpkg.com/@types/serve-static/-/serve-static-2.2.0.tgz#d4a447503ead0d1671132d1ab6bd58b805d8de6a"
  integrity sha512-8mam4H1NHLtu7nmtalF7eyBH14QyOASmcxHhSfEoRyr0nP/YdoesEtU+uSRvMe96TW/HPTtkoKqQLl53N7UXMQ==
  dependencies:
    "@types/http-errors" "*"
    "@types/node" "*"

"@vendia/serverless-express@^3.4.0":
  version "3.4.1"
  resolved "https://registry.yarnpkg.com/@vendia/serverless-express/-/serverless-express-3.4.1.tgz#5c422a2af41f3e9e0d8d072e924cc1c25a1b7a85"
  integrity sha512-4dJJvr9vQlq9iUClpfm5iFL+neoSctUI6Zkh9F4wjk/tpcM7QVD6niJi4ptiIzyzJCWoN97ACQCXyE0O8MznLQ==
  dependencies:
    "@codegenie/serverless-express" "^3.4.1"
    binary-case "^1.0.0"
    type-is "^1.6.16"

aws-serverless-express@^3.4.0:
  version "3.4.0"
  resolved "https://registry.yarnpkg.com/aws-serverless-express/-/aws-serverless-express-3.4.0.tgz#74153b8cc80dbd2c6a32a51e6d353a325c2710d7"
  integrity sha512-YG9ZjAOI9OpwqDDWzkRc3kKJYJuR7gTMjLa3kAWopO17myoprxskCUyCEee+RKe34tcR4UNrVtgAwW5yDe74bw==
  dependencies:
    "@vendia/serverless-express" "^3.4.0"
    binary-case "^1.0.0"
    type-is "^1.6.16"

binary-case@^1.0.0:
  version "1.1.4"
  resolved "https://registry.yarnpkg.com/binary-case/-/binary-case-1.1.4.tgz#d687104d59e38f2b9e658d3a58936963c59ab931"
  integrity sha512-9Kq8m6NZTAgy05Ryuh7U3Qc4/ujLQU1AZ5vMw4cr3igTdi5itZC6kCNrRr2X8NzPiDn2oUIFTfa71DKMnue/Zg==

media-typer@0.3.0:
  version "0.3.0"
  resolved "https://registry.yarnpkg.com/media-typer/-/media-typer-0.3.0.tgz#8710d7af0aa626f8fffa1ce00168545263255748"
  integrity sha512-dq+qelQ9akHpcOl/gUVRTxVIOkAJ1wR3QAvb4RsVjS8oVoFjDGTc679wJYmUmknUF5HwMLOgb5O+a3KxfWapPQ==

mime-db@1.52.0:
  version "1.52.0"
  resolved "https://registry.yarnpkg.com/mime-db/-/mime-db-1.52.0.tgz#bbabcdc02859f4987301c856e3387ce5ec43bf70"
  integrity sha512-sPU4uV7dYlvtWJxwwxHD0PuihVNiE7TyAbQ5SWxDCB9mUYvOgroQOwYQQOKPJ8CIbE+1ETVlOoK1UC2nU3gYvg==

mime-types@~2.1.24:
  version "2.1.35"
  resolved "https://registry.yarnpkg.com/mime-types/-/mime-types-2.1.35.tgz#381a871b62a734450660ae3deee44813f70d959a"
  integrity sha512-ZDY+bPm5zTTF+YpCrAU9nK0UgICYPT0QtT1NZWFv4s++TNkcgVaT0g6+4R2uI4MjQjzysHB1zxuWL50hzaeXiw==
  dependencies:
    mime-db "1.52.0"

type-is@^1.6.16:
  version "1.6.18"
  resolved "https://registry.yarnpkg.com/type-is/-/type-is-1.6.18.tgz#4e552cd05df09467dcbc4ef739de89f2cf37c131"
  integrity sha512-TkRKr9sUTxEH8MdfuCSP7VizJyzRNMjj2J2do2Jr3Kym598JVdEksuzPQCnlFPW4ky9Q+iA+ma9BGm06XQBy8g==
  dependencies:
    media-typer "0.3.0"
    mime-types "~2.1.24"

undici-types@~8.9.0:
  version "8.9.0"
  resolved "https://registry.yarnpkg.com/undici-types/-/undici-types-8.9.0.tgz#e240d97c8b5d85e5347ce73d25865c7906c1ec9f"
  integrity sha512-KTDyRTYX8sWmKXAikPHHSyc63CRPETMctyjKFupcC6OBLXT3xsN0e9aF7m+mIXutFWpUXuedtowG7iLOzp0kQg==
