# THIS IS AN AUTOGENERATED FILE. DO NOT EDIT THIS FILE DIRECTLY.
# yarn lockfile v1


"@codegenie/serverless-express@^3.4.1":
  version "3.4.1"
  resolved "https://registry.yarnpkg.com/@codegenie/serverless-express/-/serverless-express-3.4.1.tgz#4ba2040e4b59ec355079e5792fd4d7e3889a98c2"
  integrity sha512-PQ3v/wDflxx168B4TwuxbbKjfmvLkyRBdvHRFS8s48hDS0Wnukm+5Dp+HiLvqwXOU7PP2+FyrK47WX4WL15Rrw==
  dependencies:
    binary-case "^1.0.0"
    type-is "^1.6.16"

"@vendia/serverless-express@^3.4.0":
  version "3.4.1"
  resolved "https://registry.yarnpkg.com/@vendia/serverless-express/-/serverless-express-3.4.1.tgz#5c422a2af41f3e9e0d8d072e924cc1c25a1b7a85"
  integrity sha512-4dJJvr9vQlq9iUClpfm5iFL+neoSctUI6Zkh9F4wjk/tpcM7QVD6niJi4ptiIzyzJCWoN97ACQCXyE0O8MznLQ==
  dependencies:
    "@codegenie/serverless-express" "^3.4.1"
    binary-case "^1.0.0"
    type-is "^1.6.16"

aws-serverless-express@^3.4.0:
  version "3.4.0"
  resolved "https://registry.yarnpkg.com/aws-serverless-express/-/aws-serverless-express-3.4.0.tgz#74153b8cc80dbd2c6a32a51e6d353a325c2710d7"
  integrity sha512-YG9ZjAOI9OpwqDDWzkRc3kKJYJuR7gTMjLa3kAWopO17myoprxskCUyCEee+RKe34tcR4UNrVtgAwW5yDe74bw==
  dependencies:
    "@vendia/serverless-express" "^3.4.0"
    binary-case "^1.0.0"
    type-is "^1.6.16"

binary-case@^1.0.0:
  version "1.1.4"
  resolved "https://registry.yarnpkg.com/binary-case/-/binary-case-1.1.4.tgz#d687104d59e38f2b9e658d3a58936963c59ab931"
  integrity sha512-9Kq8m6NZTAgy05Ryuh7U3Qc4/ujLQU1AZ5vMw4cr3igTdi5itZC6kCNrRr2X8NzPiDn2oUIFTfa71DKMnue/Zg==

media-typer@0.3.0:
  version "0.3.0"
  resolved "https://registry.yarnpkg.com/media-typer/-/media-typer-0.3.0.tgz#8710d7af0aa626f8fffa1ce00168545263255748"
  integrity sha512-dq+qelQ9akHpcOl/gUVRTxVIOkAJ1wR3QAvb4RsVjS8oVoFjDGTc679wJYmUmknUF5HwMLOgb5O+a3KxfWapPQ==

mime-db@1.52.0:
  version "1.52.0"
  resolved "https://registry.yarnpkg.com/mime-db/-/mime-db-1.52.0.tgz#bbabcdc02859f4987301c856e3387ce5ec43bf70"
  integrity sha512-sPU4uV7dYlvtWJxwwxHD0PuihVNiE7TyAbQ5SWxDCB9mUYvOgroQOwYQQOKPJ8CIbE+1ETVlOoK1UC2nU3gYvg==

mime-types@~2.1.24:
  version "2.1.35"
  resolved "https://registry.yarnpkg.com/mime-types/-/mime-types-2.1.35.tgz#381a871b62a734450660ae3deee44813f70d959a"
  integrity sha512-ZDY+bPm5zTTF+YpCrAU9nK0UgICYPT0QtT1NZWFv4s++TNkcgVaT0g6+4R2uI4MjQjzysHB1zxuWL50hzaeXiw==
  dependencies:
    mime-db "1.52.0"

type-is@^1.6.16:
  version "1.6.18"
  resolved "https://registry.yarnpkg.com/type-is/-/type-is-1.6.18.tgz#4e552cd05df09467dcbc4ef739de89f2cf37c131"
  integrity sha512-TkRKr9sUTxEH8MdfuCSP7VizJyzRNMjj2J2do2Jr3Kym598JVdEksuzPQCnlFPW4ky9Q+iA+ma9BGm06XQBy8g==
  dependencies:
    media-typer "0.3.0"
    mime-types "~2.1.24"
